// !$*UTF8*$!
{
	archiveVersion = 1;
	classes = {
	};
	objectVersion = 55;
	objects = {

/* Begin PBXBuildFile section */
		94392F17271D749C0073F85D /* SceneDelegate.swift in Sources */ = {isa = PBXBuildFile; fileRef = 94392F16271D749C0073F85D /* SceneDelegate.swift */; };
		94392F19271D749C0073F85D /* MainViewController.swift in Sources */ = {isa = PBXBuildFile; fileRef = 94392F18271D749C0073F85D /* MainViewController.swift */; };
		94392F1E271D749F0073F85D /* Assets.xcassets in Resources */ = {isa = PBXBuildFile; fileRef = 94392F1D271D749F0073F85D /* Assets.xcassets */; };
		94392F21271D749F0073F85D /* LaunchScreen.storyboard in Resources */ = {isa = PBXBuildFile; fileRef = 94392F1F271D749F0073F85D /* LaunchScreen.storyboard */; };
		94392F2D271D79E30073F85D /* SettingsViewController.swift in Sources */ = {isa = PBXBuildFile; fileRef = 94392F2C271D79E30073F85D /* SettingsViewController.swift */; };
		94392F2F271D7A6A0073F85D /* Colors.xcassets in Resources */ = {isa = PBXBuildFile; fileRef = 94392F2E271D7A6A0073F85D /* Colors.xcassets */; };
		94392F34271D944B0073F85D /* CornerRadiusView.swift in Sources */ = {isa = PBXBuildFile; fileRef = 94392F33271D944B0073F85D /* CornerRadiusView.swift */; };
		94392F36271D9DF10073F85D /* CornerRadiusButton.swift in Sources */ = {isa = PBXBuildFile; fileRef = 94392F35271D9DF10073F85D /* CornerRadiusButton.swift */; };
		94392F38271DAC2B0073F85D /* NetworkService.swift in Sources */ = {isa = PBXBuildFile; fileRef = 94392F37271DAC2B0073F85D /* NetworkService.swift */; };
		944F6D5B27401C690035CC45 /* AppDelegate.swift in Sources */ = {isa = PBXBuildFile; fileRef = 944F6D5A27401C690035CC45 /* AppDelegate.swift */; };
		944F6D5E274029810035CC45 /* Ball+CoreDataClass.swift in Sources */ = {isa = PBXBuildFile; fileRef = 944F6D5C274029810035CC45 /* Ball+CoreDataClass.swift */; };
		944F6D5F274029810035CC45 /* Ball+CoreDataProperties.swift in Sources */ = {isa = PBXBuildFile; fileRef = 944F6D5D274029810035CC45 /* Ball+CoreDataProperties.swift */; };
		948F8B41274B953D0023DCF6 /* SecureStorage.swift in Sources */ = {isa = PBXBuildFile; fileRef = 948F8B40274B953D0023DCF6 /* SecureStorage.swift */; };
		948F8B43274D00C30023DCF6 /* StorageKey.swift in Sources */ = {isa = PBXBuildFile; fileRef = 948F8B42274D00C30023DCF6 /* StorageKey.swift */; };
		949B87002747BE6A00509C19 /* SettingsViewModel.swift in Sources */ = {isa = PBXBuildFile; fileRef = 949B86FF2747BE6A00509C19 /* SettingsViewModel.swift */; };
		949B87022747BE7800509C19 /* SettingsModel.swift in Sources */ = {isa = PBXBuildFile; fileRef = 949B87012747BE7800509C19 /* SettingsModel.swift */; };
		949B87052747BFAC00509C19 /* ManagedAnswer.swift in Sources */ = {isa = PBXBuildFile; fileRef = 949B87042747BFAC00509C19 /* ManagedAnswer.swift */; };
		949B87072747BFCA00509C19 /* PresentableMagicAnswer.swift in Sources */ = {isa = PBXBuildFile; fileRef = 949B87062747BFCA00509C19 /* PresentableMagicAnswer.swift */; };
		949B87092747BFE700509C19 /* MagicAnswer.swift in Sources */ = {isa = PBXBuildFile; fileRef = 949B87082747BFE700509C19 /* MagicAnswer.swift */; };
		949B870C2747D0D400509C19 /* SettingsCell.swift in Sources */ = {isa = PBXBuildFile; fileRef = 949B870B2747D0D400509C19 /* SettingsCell.swift */; };
		949B870E2747DFFB00509C19 /* .swiftlint.yml in Resources */ = {isa = PBXBuildFile; fileRef = 949B870D2747DFFB00509C19 /* .swiftlint.yml */; };
		949B8712274AA37900509C19 /* SettingsTableViewCell.swift in Sources */ = {isa = PBXBuildFile; fileRef = 949B8711274AA37900509C19 /* SettingsTableViewCell.swift */; };
		949B8716274ADFF800509C19 /* NavigationView.swift in Sources */ = {isa = PBXBuildFile; fileRef = 949B8715274ADFF800509C19 /* NavigationView.swift */; };
		94B5FB732739761F00CBBB54 /* Repository.swift in Sources */ = {isa = PBXBuildFile; fileRef = 94B5FB722739761F00CBBB54 /* Repository.swift */; };
		94F2D6F7273D60A1002A5D9D /* swiftgen.yml in Resources */ = {isa = PBXBuildFile; fileRef = 94F2D6F5273D5CF1002A5D9D /* swiftgen.yml */; };
		94F2D6F9273D623A002A5D9D /* XCAssets+Generated.swift in Sources */ = {isa = PBXBuildFile; fileRef = 94F2D6F8273D623A002A5D9D /* XCAssets+Generated.swift */; };
		94F2D701273D6B9C002A5D9D /* Strings.swift in Sources */ = {isa = PBXBuildFile; fileRef = 94F2D700273D6B9C002A5D9D /* Strings.swift */; };
		94F2D706273D6C83002A5D9D /* Localizable.strings in Resources */ = {isa = PBXBuildFile; fileRef = 94F2D704273D6C83002A5D9D /* Localizable.strings */; };
		94F2D70D273EA12A002A5D9D /* MainViewModel.swift in Sources */ = {isa = PBXBuildFile; fileRef = 94F2D70C273EA12A002A5D9D /* MainViewModel.swift */; };
		94F2D711273EA155002A5D9D /* MainModel.swift in Sources */ = {isa = PBXBuildFile; fileRef = 94F2D710273EA155002A5D9D /* MainModel.swift */; };
		94F2D71B273FCD7D002A5D9D /* DBClient.swift in Sources */ = {isa = PBXBuildFile; fileRef = 94F2D71A273FCD7D002A5D9D /* DBClient.swift */; };
		94F2D729273FD3C2002A5D9D /* Balls.xcdatamodeld in Sources */ = {isa = PBXBuildFile; fileRef = 94F2D725273FD3C2002A5D9D /* Balls.xcdatamodeld */; };
		A2520B2FB8387F46FE6B15DD /* libPods-8BallDelegator.a in Frameworks */ = {isa = PBXBuildFile; fileRef = A3A1FBB36FAF1D708CFBD9C3 /* libPods-8BallDelegator.a */; };
/* End PBXBuildFile section */

/* Begin PBXFileReference section */
		1F91DDE90B1B7B036232B2E2 /* Pods-8BallDelegator.release.xcconfig */ = {isa = PBXFileReference; includeInIndex = 1; lastKnownFileType = text.xcconfig; name = "Pods-8BallDelegator.release.xcconfig"; path = "Target Support Files/Pods-8BallDelegator/Pods-8BallDelegator.release.xcconfig"; sourceTree = "<group>"; };
		94392F11271D749C0073F85D /* 8BallDelegator.app */ = {isa = PBXFileReference; explicitFileType = wrapper.application; includeInIndex = 0; path = 8BallDelegator.app; sourceTree = BUILT_PRODUCTS_DIR; };
		94392F16271D749C0073F85D /* SceneDelegate.swift */ = {isa = PBXFileReference; lastKnownFileType = sourcecode.swift; path = SceneDelegate.swift; sourceTree = "<group>"; };
		94392F18271D749C0073F85D /* MainViewController.swift */ = {isa = PBXFileReference; lastKnownFileType = sourcecode.swift; path = MainViewController.swift; sourceTree = "<group>"; };
		94392F1D271D749F0073F85D /* Assets.xcassets */ = {isa = PBXFileReference; lastKnownFileType = folder.assetcatalog; path = Assets.xcassets; sourceTree = "<group>"; };
		94392F22271D749F0073F85D /* Info.plist */ = {isa = PBXFileReference; lastKnownFileType = text.plist.xml; path = Info.plist; sourceTree = "<group>"; };
		94392F2C271D79E30073F85D /* SettingsViewController.swift */ = {isa = PBXFileReference; lastKnownFileType = sourcecode.swift; path = SettingsViewController.swift; sourceTree = "<group>"; };
		94392F2E271D7A6A0073F85D /* Colors.xcassets */ = {isa = PBXFileReference; lastKnownFileType = folder.assetcatalog; path = Colors.xcassets; sourceTree = "<group>"; };
		94392F33271D944B0073F85D /* CornerRadiusView.swift */ = {isa = PBXFileReference; lastKnownFileType = sourcecode.swift; path = CornerRadiusView.swift; sourceTree = "<group>"; };
		94392F35271D9DF10073F85D /* CornerRadiusButton.swift */ = {isa = PBXFileReference; lastKnownFileType = sourcecode.swift; path = CornerRadiusButton.swift; sourceTree = "<group>"; };
		94392F37271DAC2B0073F85D /* NetworkService.swift */ = {isa = PBXFileReference; lastKnownFileType = sourcecode.swift; path = NetworkService.swift; sourceTree = "<group>"; };
		944F6D5A27401C690035CC45 /* AppDelegate.swift */ = {isa = PBXFileReference; fileEncoding = 4; lastKnownFileType = sourcecode.swift; path = AppDelegate.swift; sourceTree = "<group>"; };
		944F6D5C274029810035CC45 /* Ball+CoreDataClass.swift */ = {isa = PBXFileReference; lastKnownFileType = sourcecode.swift; path = "Ball+CoreDataClass.swift"; sourceTree = "<group>"; };
		944F6D5D274029810035CC45 /* Ball+CoreDataProperties.swift */ = {isa = PBXFileReference; lastKnownFileType = sourcecode.swift; path = "Ball+CoreDataProperties.swift"; sourceTree = "<group>"; };
		948F8B40274B953D0023DCF6 /* SecureStorage.swift */ = {isa = PBXFileReference; lastKnownFileType = sourcecode.swift; path = SecureStorage.swift; sourceTree = "<group>"; };
		948F8B42274D00C30023DCF6 /* StorageKey.swift */ = {isa = PBXFileReference; lastKnownFileType = sourcecode.swift; path = StorageKey.swift; sourceTree = "<group>"; };
		949B86FF2747BE6A00509C19 /* SettingsViewModel.swift */ = {isa = PBXFileReference; lastKnownFileType = sourcecode.swift; path = SettingsViewModel.swift; sourceTree = "<group>"; };
		949B87012747BE7800509C19 /* SettingsModel.swift */ = {isa = PBXFileReference; lastKnownFileType = sourcecode.swift; path = SettingsModel.swift; sourceTree = "<group>"; };
		949B87042747BFAC00509C19 /* ManagedAnswer.swift */ = {isa = PBXFileReference; lastKnownFileType = sourcecode.swift; path = ManagedAnswer.swift; sourceTree = "<group>"; };
		949B87062747BFCA00509C19 /* PresentableMagicAnswer.swift */ = {isa = PBXFileReference; lastKnownFileType = sourcecode.swift; path = PresentableMagicAnswer.swift; sourceTree = "<group>"; };
		949B87082747BFE700509C19 /* MagicAnswer.swift */ = {isa = PBXFileReference; lastKnownFileType = sourcecode.swift; path = MagicAnswer.swift; sourceTree = "<group>"; };
		949B870B2747D0D400509C19 /* SettingsCell.swift */ = {isa = PBXFileReference; lastKnownFileType = sourcecode.swift; path = SettingsCell.swift; sourceTree = "<group>"; };
		949B870D2747DFFB00509C19 /* .swiftlint.yml */ = {isa = PBXFileReference; lastKnownFileType = text.yaml; path = .swiftlint.yml; sourceTree = "<group>"; };
		949B8711274AA37900509C19 /* SettingsTableViewCell.swift */ = {isa = PBXFileReference; lastKnownFileType = sourcecode.swift; path = SettingsTableViewCell.swift; sourceTree = "<group>"; };
		949B8715274ADFF800509C19 /* NavigationView.swift */ = {isa = PBXFileReference; lastKnownFileType = sourcecode.swift; path = NavigationView.swift; sourceTree = "<group>"; };
		94B5FB722739761F00CBBB54 /* Repository.swift */ = {isa = PBXFileReference; lastKnownFileType = sourcecode.swift; path = Repository.swift; sourceTree = "<group>"; };
		94F2D6F5273D5CF1002A5D9D /* swiftgen.yml */ = {isa = PBXFileReference; lastKnownFileType = text.yaml; path = swiftgen.yml; sourceTree = "<group>"; };
		94F2D6F8273D623A002A5D9D /* XCAssets+Generated.swift */ = {isa = PBXFileReference; fileEncoding = 4; lastKnownFileType = sourcecode.swift; path = "XCAssets+Generated.swift"; sourceTree = "<group>"; };
		94F2D6FF273D6A7D002A5D9D /* Base */ = {isa = PBXFileReference; lastKnownFileType = file.storyboard; name = Base; path = Base.lproj/LaunchScreen.storyboard; sourceTree = "<group>"; };
		94F2D700273D6B9C002A5D9D /* Strings.swift */ = {isa = PBXFileReference; fileEncoding = 4; lastKnownFileType = sourcecode.swift; path = Strings.swift; sourceTree = "<group>"; };
		94F2D705273D6C83002A5D9D /* Base */ = {isa = PBXFileReference; lastKnownFileType = text.plist.strings; name = Base; path = Base.lproj/Localizable.strings; sourceTree = "<group>"; };
		94F2D70C273EA12A002A5D9D /* MainViewModel.swift */ = {isa = PBXFileReference; lastKnownFileType = sourcecode.swift; path = MainViewModel.swift; sourceTree = "<group>"; };
		94F2D710273EA155002A5D9D /* MainModel.swift */ = {isa = PBXFileReference; lastKnownFileType = sourcecode.swift; path = MainModel.swift; sourceTree = "<group>"; };
		94F2D71A273FCD7D002A5D9D /* DBClient.swift */ = {isa = PBXFileReference; lastKnownFileType = sourcecode.swift; path = DBClient.swift; sourceTree = "<group>"; };
		94F2D726273FD3C2002A5D9D /* Balls.xcdatamodel */ = {isa = PBXFileReference; lastKnownFileType = wrapper.xcdatamodel; path = Balls.xcdatamodel; sourceTree = "<group>"; };
		A3A1FBB36FAF1D708CFBD9C3 /* libPods-8BallDelegator.a */ = {isa = PBXFileReference; explicitFileType = archive.ar; includeInIndex = 0; path = "libPods-8BallDelegator.a"; sourceTree = BUILT_PRODUCTS_DIR; };
		AFE247CA75ADD631980406EC /* Pods-8BallDelegator.debug.xcconfig */ = {isa = PBXFileReference; includeInIndex = 1; lastKnownFileType = text.xcconfig; name = "Pods-8BallDelegator.debug.xcconfig"; path = "Target Support Files/Pods-8BallDelegator/Pods-8BallDelegator.debug.xcconfig"; sourceTree = "<group>"; };
/* End PBXFileReference section */

/* Begin PBXFrameworksBuildPhase section */
		94392F0E271D749C0073F85D /* Frameworks */ = {
			isa = PBXFrameworksBuildPhase;
			buildActionMask = 2147483647;
			files = (
				A2520B2FB8387F46FE6B15DD /* libPods-8BallDelegator.a in Frameworks */,
			);
			runOnlyForDeploymentPostprocessing = 0;
		};
/* End PBXFrameworksBuildPhase section */

/* Begin PBXGroup section */
		0F8283BB5D472ADB4C2E4072 /* Pods */ = {
			isa = PBXGroup;
			children = (
				AFE247CA75ADD631980406EC /* Pods-8BallDelegator.debug.xcconfig */,
				1F91DDE90B1B7B036232B2E2 /* Pods-8BallDelegator.release.xcconfig */,
			);
			path = Pods;
			sourceTree = "<group>";
		};
		8DFD8A6AEF0DFCEA89F16AC1 /* Frameworks */ = {
			isa = PBXGroup;
			children = (
				A3A1FBB36FAF1D708CFBD9C3 /* libPods-8BallDelegator.a */,
			);
			name = Frameworks;
			sourceTree = "<group>";
		};
		94392F08271D749B0073F85D = {
			isa = PBXGroup;
			children = (
				949B870D2747DFFB00509C19 /* .swiftlint.yml */,
				94F2D6F5273D5CF1002A5D9D /* swiftgen.yml */,
				94392F13271D749C0073F85D /* 8BallDelegator */,
				94392F12271D749C0073F85D /* Products */,
				0F8283BB5D472ADB4C2E4072 /* Pods */,
				8DFD8A6AEF0DFCEA89F16AC1 /* Frameworks */,
			);
			sourceTree = "<group>";
		};
		94392F12271D749C0073F85D /* Products */ = {
			isa = PBXGroup;
			children = (
				94392F11271D749C0073F85D /* 8BallDelegator.app */,
			);
			name = Products;
			sourceTree = "<group>";
		};
		94392F13271D749C0073F85D /* 8BallDelegator */ = {
			isa = PBXGroup;
			children = (
				94392F28271D781A0073F85D /* Storyboards */,
				949B86FC2747BDDD00509C19 /* Flows */,
				94F2D719273FCD3F002A5D9D /* CoreData */,
				94F2D6F6273D5D5C002A5D9D /* Generated */,
				94392F2A271D787C0073F85D /* Services */,
				94392F30271D922E0073F85D /* UI Components */,
				94392F2B271D78A50073F85D /* Supporting files */,
			);
			path = 8BallDelegator;
			sourceTree = "<group>";
		};
		94392F28271D781A0073F85D /* Storyboards */ = {
			isa = PBXGroup;
			children = (
				94392F1F271D749F0073F85D /* LaunchScreen.storyboard */,
				94F2D704273D6C83002A5D9D /* Localizable.strings */,
			);
			path = Storyboards;
			sourceTree = "<group>";
		};
		94392F2A271D787C0073F85D /* Services */ = {
			isa = PBXGroup;
			children = (
				94392F37271DAC2B0073F85D /* NetworkService.swift */,
				94B5FB722739761F00CBBB54 /* Repository.swift */,
				94F2D71A273FCD7D002A5D9D /* DBClient.swift */,
				948F8B40274B953D0023DCF6 /* SecureStorage.swift */,
				948F8B42274D00C30023DCF6 /* StorageKey.swift */,
			);
			path = Services;
			sourceTree = "<group>";
		};
		94392F2B271D78A50073F85D /* Supporting files */ = {
			isa = PBXGroup;
			children = (
				94F2D709273E9F8A002A5D9D /* Extensions */,
				94392F1D271D749F0073F85D /* Assets.xcassets */,
				94392F2E271D7A6A0073F85D /* Colors.xcassets */,
				94392F22271D749F0073F85D /* Info.plist */,
				944F6D5A27401C690035CC45 /* AppDelegate.swift */,
				94392F16271D749C0073F85D /* SceneDelegate.swift */,
			);
			path = "Supporting files";
			sourceTree = "<group>";
		};
		94392F30271D922E0073F85D /* UI Components */ = {
			isa = PBXGroup;
			children = (
				94392F33271D944B0073F85D /* CornerRadiusView.swift */,
				94392F35271D9DF10073F85D /* CornerRadiusButton.swift */,
				949B8715274ADFF800509C19 /* NavigationView.swift */,
			);
			path = "UI Components";
			sourceTree = "<group>";
		};
		949B86FC2747BDDD00509C19 /* Flows */ = {
			isa = PBXGroup;
			children = (
				949B86FE2747BDFD00509C19 /* Ball */,
				949B86FD2747BDF300509C19 /* Settings */,
			);
			path = Flows;
			sourceTree = "<group>";
		};
		949B86FD2747BDF300509C19 /* Settings */ = {
			isa = PBXGroup;
			children = (
				949B870A2747D0B200509C19 /* Cells */,
				94392F2C271D79E30073F85D /* SettingsViewController.swift */,
				949B86FF2747BE6A00509C19 /* SettingsViewModel.swift */,
				949B87012747BE7800509C19 /* SettingsModel.swift */,
			);
			path = Settings;
			sourceTree = "<group>";
		};
		949B86FE2747BDFD00509C19 /* Ball */ = {
			isa = PBXGroup;
			children = (
				949B87032747BF9900509C19 /* Models */,
				94392F18271D749C0073F85D /* MainViewController.swift */,
				94F2D70C273EA12A002A5D9D /* MainViewModel.swift */,
				94F2D710273EA155002A5D9D /* MainModel.swift */,
			);
			path = Ball;
			sourceTree = "<group>";
		};
		949B87032747BF9900509C19 /* Models */ = {
			isa = PBXGroup;
			children = (
				949B87042747BFAC00509C19 /* ManagedAnswer.swift */,
				949B87062747BFCA00509C19 /* PresentableMagicAnswer.swift */,
				949B87082747BFE700509C19 /* MagicAnswer.swift */,
			);
			path = Models;
			sourceTree = "<group>";
		};
		949B870A2747D0B200509C19 /* Cells */ = {
			isa = PBXGroup;
			children = (
				949B870B2747D0D400509C19 /* SettingsCell.swift */,
				949B8711274AA37900509C19 /* SettingsTableViewCell.swift */,
			);
			path = Cells;
			sourceTree = "<group>";
		};
		94F2D6F6273D5D5C002A5D9D /* Generated */ = {
			isa = PBXGroup;
			children = (
				94F2D700273D6B9C002A5D9D /* Strings.swift */,
				94F2D6F8273D623A002A5D9D /* XCAssets+Generated.swift */,
			);
			path = Generated;
			sourceTree = "<group>";
		};
		94F2D709273E9F8A002A5D9D /* Extensions */ = {
			isa = PBXGroup;
			children = (
			);
			path = Extensions;
			sourceTree = "<group>";
		};
		94F2D719273FCD3F002A5D9D /* CoreData */ = {
			isa = PBXGroup;
			children = (
				944F6D5C274029810035CC45 /* Ball+CoreDataClass.swift */,
				944F6D5D274029810035CC45 /* Ball+CoreDataProperties.swift */,
				94F2D725273FD3C2002A5D9D /* Balls.xcdatamodeld */,
			);
			path = CoreData;
			sourceTree = "<group>";
		};
/* End PBXGroup section */

/* Begin PBXNativeTarget section */
		94392F10271D749C0073F85D /* 8BallDelegator */ = {
			isa = PBXNativeTarget;
			buildConfigurationList = 94392F25271D749F0073F85D /* Build configuration list for PBXNativeTarget "8BallDelegator" */;
			buildPhases = (
				94F2D6F0273D417B002A5D9D /* SwiftLint */,
				94F2D6F1273D57AF002A5D9D /* SwiftGen */,
				D1E5DC5A80360C4672D156EB /* [CP] Check Pods Manifest.lock */,
				94392F0D271D749C0073F85D /* Sources */,
				94392F0E271D749C0073F85D /* Frameworks */,
				94392F0F271D749C0073F85D /* Resources */,
			);
			buildRules = (
			);
			dependencies = (
			);
			name = 8BallDelegator;
			productName = 8BallDelegator;
			productReference = 94392F11271D749C0073F85D /* 8BallDelegator.app */;
			productType = "com.apple.product-type.application";
		};
/* End PBXNativeTarget section */

/* Begin PBXProject section */
		94392F09271D749B0073F85D /* Project object */ = {
			isa = PBXProject;
			attributes = {
				BuildIndependentTargetsInParallel = 1;
				LastSwiftUpdateCheck = 1300;
				LastUpgradeCheck = 1300;
				TargetAttributes = {
					94392F10271D749C0073F85D = {
						CreatedOnToolsVersion = 13.0;
					};
				};
			};
			buildConfigurationList = 94392F0C271D749C0073F85D /* Build configuration list for PBXProject "8BallDelegator" */;
			compatibilityVersion = "Xcode 13.0";
			developmentRegion = en;
			hasScannedForEncodings = 0;
			knownRegions = (
				en,
				Base,
			);
			mainGroup = 94392F08271D749B0073F85D;
			productRefGroup = 94392F12271D749C0073F85D /* Products */;
			projectDirPath = "";
			projectRoot = "";
			targets = (
				94392F10271D749C0073F85D /* 8BallDelegator */,
			);
		};
/* End PBXProject section */

/* Begin PBXResourcesBuildPhase section */
		94392F0F271D749C0073F85D /* Resources */ = {
			isa = PBXResourcesBuildPhase;
			buildActionMask = 2147483647;
			files = (
				94392F21271D749F0073F85D /* LaunchScreen.storyboard in Resources */,
				94F2D706273D6C83002A5D9D /* Localizable.strings in Resources */,
				94F2D6F7273D60A1002A5D9D /* swiftgen.yml in Resources */,
				949B870E2747DFFB00509C19 /* .swiftlint.yml in Resources */,
				94392F2F271D7A6A0073F85D /* Colors.xcassets in Resources */,
				94392F1E271D749F0073F85D /* Assets.xcassets in Resources */,
			);
			runOnlyForDeploymentPostprocessing = 0;
		};
/* End PBXResourcesBuildPhase section */

/* Begin PBXShellScriptBuildPhase section */
		94F2D6F0273D417B002A5D9D /* SwiftLint */ = {
			isa = PBXShellScriptBuildPhase;
			buildActionMask = 2147483647;
			files = (
			);
			inputFileListPaths = (
			);
			inputPaths = (
			);
			name = SwiftLint;
			outputFileListPaths = (
			);
			outputPaths = (
			);
			runOnlyForDeploymentPostprocessing = 0;
			shellPath = /bin/sh;
			shellScript = "\"${PODS_ROOT}/SwiftLint/swiftlint\"\n";
		};
		94F2D6F1273D57AF002A5D9D /* SwiftGen */ = {
			isa = PBXShellScriptBuildPhase;
			buildActionMask = 2147483647;
			files = (
			);
			inputFileListPaths = (
			);
			inputPaths = (
			);
			name = SwiftGen;
			outputFileListPaths = (
			);
			outputPaths = (
			);
			runOnlyForDeploymentPostprocessing = 0;
			shellPath = /bin/sh;
			shellScript = "if [[ -f \"${PODS_ROOT}/SwiftGen/bin/swiftgen\" ]]; then\n  \"${PODS_ROOT}/SwiftGen/bin/swiftgen\"\nelse\n  echo \"warning: SwiftGen is not installed. Run 'pod install --repo-update' to install it.\"\nfi \n";
		};
		D1E5DC5A80360C4672D156EB /* [CP] Check Pods Manifest.lock */ = {
			isa = PBXShellScriptBuildPhase;
			buildActionMask = 2147483647;
			files = (
			);
			inputFileListPaths = (
			);
			inputPaths = (
				"${PODS_PODFILE_DIR_PATH}/Podfile.lock",
				"${PODS_ROOT}/Manifest.lock",
			);
			name = "[CP] Check Pods Manifest.lock";
			outputFileListPaths = (
			);
			outputPaths = (
				"$(DERIVED_FILE_DIR)/Pods-8BallDelegator-checkManifestLockResult.txt",
			);
			runOnlyForDeploymentPostprocessing = 0;
			shellPath = /bin/sh;
			shellScript = "diff \"${PODS_PODFILE_DIR_PATH}/Podfile.lock\" \"${PODS_ROOT}/Manifest.lock\" > /dev/null\nif [ $? != 0 ] ; then\n    # print error to STDERR\n    echo \"error: The sandbox is not in sync with the Podfile.lock. Run 'pod install' or update your CocoaPods installation.\" >&2\n    exit 1\nfi\n# This output is used by Xcode 'outputs' to avoid re-running this script phase.\necho \"SUCCESS\" > \"${SCRIPT_OUTPUT_FILE_0}\"\n";
			showEnvVarsInLog = 0;
		};
/* End PBXShellScriptBuildPhase section */

/* Begin PBXSourcesBuildPhase section */
		94392F0D271D749C0073F85D /* Sources */ = {
			isa = PBXSourcesBuildPhase;
			buildActionMask = 2147483647;
			files = (
				949B87052747BFAC00509C19 /* ManagedAnswer.swift in Sources */,
				949B87072747BFCA00509C19 /* PresentableMagicAnswer.swift in Sources */,
				949B8712274AA37900509C19 /* SettingsTableViewCell.swift in Sources */,
				949B87022747BE7800509C19 /* SettingsModel.swift in Sources */,
				94F2D6F9273D623A002A5D9D /* XCAssets+Generated.swift in Sources */,
				94392F36271D9DF10073F85D /* CornerRadiusButton.swift in Sources */,
				94F2D701273D6B9C002A5D9D /* Strings.swift in Sources */,
				94392F19271D749C0073F85D /* MainViewController.swift in Sources */,
				94392F2D271D79E30073F85D /* SettingsViewController.swift in Sources */,
				94B5FB732739761F00CBBB54 /* Repository.swift in Sources */,
				949B8716274ADFF800509C19 /* NavigationView.swift in Sources */,
				94F2D729273FD3C2002A5D9D /* Balls.xcdatamodeld in Sources */,
				949B870C2747D0D400509C19 /* SettingsCell.swift in Sources */,
				944F6D5F274029810035CC45 /* Ball+CoreDataProperties.swift in Sources */,
				949B87092747BFE700509C19 /* MagicAnswer.swift in Sources */,
				949B87002747BE6A00509C19 /* SettingsViewModel.swift in Sources */,
				94392F17271D749C0073F85D /* SceneDelegate.swift in Sources */,
				94F2D711273EA155002A5D9D /* MainModel.swift in Sources */,
				944F6D5B27401C690035CC45 /* AppDelegate.swift in Sources */,
				948F8B43274D00C30023DCF6 /* StorageKey.swift in Sources */,
				944F6D5E274029810035CC45 /* Ball+CoreDataClass.swift in Sources */,
				94392F34271D944B0073F85D /* CornerRadiusView.swift in Sources */,
				94392F38271DAC2B0073F85D /* NetworkService.swift in Sources */,
				94F2D71B273FCD7D002A5D9D /* DBClient.swift in Sources */,
				948F8B41274B953D0023DCF6 /* SecureStorage.swift in Sources */,
				94F2D70D273EA12A002A5D9D /* MainViewModel.swift in Sources */,
			);
			runOnlyForDeploymentPostprocessing = 0;
		};
/* End PBXSourcesBuildPhase section */

/* Begin PBXVariantGroup section */
		94392F1F271D749F0073F85D /* LaunchScreen.storyboard */ = {
			isa = PBXVariantGroup;
			children = (
				94F2D6FF273D6A7D002A5D9D /* Base */,
			);
			name = LaunchScreen.storyboard;
			sourceTree = "<group>";
		};
		94F2D704273D6C83002A5D9D /* Localizable.strings */ = {
			isa = PBXVariantGroup;
			children = (
				94F2D705273D6C83002A5D9D /* Base */,
			);
			name = Localizable.strings;
			sourceTree = "<group>";
		};
/* End PBXVariantGroup section */

/* Begin XCBuildConfiguration section */
		94392F23271D749F0073F85D /* Debug */ = {
			isa = XCBuildConfiguration;
			buildSettings = {
				ALWAYS_SEARCH_USER_PATHS = NO;
				CLANG_ANALYZER_NONNULL = YES;
				CLANG_ANALYZER_NUMBER_OBJECT_CONVERSION = YES_AGGRESSIVE;
				CLANG_CXX_LANGUAGE_STANDARD = "gnu++17";
				CLANG_CXX_LIBRARY = "libc++";
				CLANG_ENABLE_MODULES = YES;
				CLANG_ENABLE_OBJC_ARC = YES;
				CLANG_ENABLE_OBJC_WEAK = YES;
				CLANG_WARN_BLOCK_CAPTURE_AUTORELEASING = YES;
				CLANG_WARN_BOOL_CONVERSION = YES;
				CLANG_WARN_COMMA = YES;
				CLANG_WARN_CONSTANT_CONVERSION = YES;
				CLANG_WARN_DEPRECATED_OBJC_IMPLEMENTATIONS = YES;
				CLANG_WARN_DIRECT_OBJC_ISA_USAGE = YES_ERROR;
				CLANG_WARN_DOCUMENTATION_COMMENTS = YES;
				CLANG_WARN_EMPTY_BODY = YES;
				CLANG_WARN_ENUM_CONVERSION = YES;
				CLANG_WARN_INFINITE_RECURSION = YES;
				CLANG_WARN_INT_CONVERSION = YES;
				CLANG_WARN_NON_LITERAL_NULL_CONVERSION = YES;
				CLANG_WARN_OBJC_IMPLICIT_RETAIN_SELF = YES;
				CLANG_WARN_OBJC_LITERAL_CONVERSION = YES;
				CLANG_WARN_OBJC_ROOT_CLASS = YES_ERROR;
				CLANG_WARN_QUOTED_INCLUDE_IN_FRAMEWORK_HEADER = YES;
				CLANG_WARN_RANGE_LOOP_ANALYSIS = YES;
				CLANG_WARN_STRICT_PROTOTYPES = YES;
				CLANG_WARN_SUSPICIOUS_MOVE = YES;
				CLANG_WARN_UNGUARDED_AVAILABILITY = YES_AGGRESSIVE;
				CLANG_WARN_UNREACHABLE_CODE = YES;
				CLANG_WARN__DUPLICATE_METHOD_MATCH = YES;
				COPY_PHASE_STRIP = NO;
				DEBUG_INFORMATION_FORMAT = dwarf;
				ENABLE_STRICT_OBJC_MSGSEND = YES;
				ENABLE_TESTABILITY = YES;
				GCC_C_LANGUAGE_STANDARD = gnu11;
				GCC_DYNAMIC_NO_PIC = NO;
				GCC_NO_COMMON_BLOCKS = YES;
				GCC_OPTIMIZATION_LEVEL = 0;
				GCC_PREPROCESSOR_DEFINITIONS = (
					"DEBUG=1",
					"$(inherited)",
				);
				GCC_WARN_64_TO_32_BIT_CONVERSION = YES;
				GCC_WARN_ABOUT_RETURN_TYPE = YES_ERROR;
				GCC_WARN_UNDECLARED_SELECTOR = YES;
				GCC_WARN_UNINITIALIZED_AUTOS = YES_AGGRESSIVE;
				GCC_WARN_UNUSED_FUNCTION = YES;
				GCC_WARN_UNUSED_VARIABLE = YES;
				IPHONEOS_DEPLOYMENT_TARGET = 12.0;
				MTL_ENABLE_DEBUG_INFO = INCLUDE_SOURCE;
				MTL_FAST_MATH = YES;
				ONLY_ACTIVE_ARCH = YES;
				SDKROOT = iphoneos;
				SWIFT_ACTIVE_COMPILATION_CONDITIONS = DEBUG;
				SWIFT_OPTIMIZATION_LEVEL = "-Onone";
			};
			name = Debug;
		};
		94392F24271D749F0073F85D /* Release */ = {
			isa = XCBuildConfiguration;
			buildSettings = {
				ALWAYS_SEARCH_USER_PATHS = NO;
				CLANG_ANALYZER_NONNULL = YES;
				CLANG_ANALYZER_NUMBER_OBJECT_CONVERSION = YES_AGGRESSIVE;
				CLANG_CXX_LANGUAGE_STANDARD = "gnu++17";
				CLANG_CXX_LIBRARY = "libc++";
				CLANG_ENABLE_MODULES = YES;
				CLANG_ENABLE_OBJC_ARC = YES;
				CLANG_ENABLE_OBJC_WEAK = YES;
				CLANG_WARN_BLOCK_CAPTURE_AUTORELEASING = YES;
				CLANG_WARN_BOOL_CONVERSION = YES;
				CLANG_WARN_COMMA = YES;
				CLANG_WARN_CONSTANT_CONVERSION = YES;
				CLANG_WARN_DEPRECATED_OBJC_IMPLEMENTATIONS = YES;
				CLANG_WARN_DIRECT_OBJC_ISA_USAGE = YES_ERROR;
				CLANG_WARN_DOCUMENTATION_COMMENTS = YES;
				CLANG_WARN_EMPTY_BODY = YES;
				CLANG_WARN_ENUM_CONVERSION = YES;
				CLANG_WARN_INFINITE_RECURSION = YES;
				CLANG_WARN_INT_CONVERSION = YES;
				CLANG_WARN_NON_LITERAL_NULL_CONVERSION = YES;
				CLANG_WARN_OBJC_IMPLICIT_RETAIN_SELF = YES;
				CLANG_WARN_OBJC_LITERAL_CONVERSION = YES;
				CLANG_WARN_OBJC_ROOT_CLASS = YES_ERROR;
				CLANG_WARN_QUOTED_INCLUDE_IN_FRAMEWORK_HEADER = YES;
				CLANG_WARN_RANGE_LOOP_ANALYSIS = YES;
				CLANG_WARN_STRICT_PROTOTYPES = YES;
				CLANG_WARN_SUSPICIOUS_MOVE = YES;
				CLANG_WARN_UNGUARDED_AVAILABILITY = YES_AGGRESSIVE;
				CLANG_WARN_UNREACHABLE_CODE = YES;
				CLANG_WARN__DUPLICATE_METHOD_MATCH = YES;
				COPY_PHASE_STRIP = NO;
				DEBUG_INFORMATION_FORMAT = "dwarf-with-dsym";
				ENABLE_NS_ASSERTIONS = NO;
				ENABLE_STRICT_OBJC_MSGSEND = YES;
				GCC_C_LANGUAGE_STANDARD = gnu11;
				GCC_NO_COMMON_BLOCKS = YES;
				GCC_WARN_64_TO_32_BIT_CONVERSION = YES;
				GCC_WARN_ABOUT_RETURN_TYPE = YES_ERROR;
				GCC_WARN_UNDECLARED_SELECTOR = YES;
				GCC_WARN_UNINITIALIZED_AUTOS = YES_AGGRESSIVE;
				GCC_WARN_UNUSED_FUNCTION = YES;
				GCC_WARN_UNUSED_VARIABLE = YES;
				IPHONEOS_DEPLOYMENT_TARGET = 12.0;
				MTL_ENABLE_DEBUG_INFO = NO;
				MTL_FAST_MATH = YES;
				SDKROOT = iphoneos;
				SWIFT_COMPILATION_MODE = wholemodule;
				SWIFT_OPTIMIZATION_LEVEL = "-O";
				VALIDATE_PRODUCT = YES;
			};
			name = Release;
		};
		94392F26271D749F0073F85D /* Debug */ = {
			isa = XCBuildConfiguration;
			baseConfigurationReference = AFE247CA75ADD631980406EC /* Pods-8BallDelegator.debug.xcconfig */;
			buildSettings = {
				ASSETCATALOG_COMPILER_APPICON_NAME = AppIcon;
				ASSETCATALOG_COMPILER_GLOBAL_ACCENT_COLOR_NAME = AccentColor;
				CODE_SIGN_STYLE = Automatic;
				CURRENT_PROJECT_VERSION = 1;
				DEVELOPMENT_TEAM = T46S54Q32W;
				GENERATE_INFOPLIST_FILE = YES;
				INFOPLIST_FILE = "8BallDelegator/Supporting files/Info.plist";
				INFOPLIST_KEY_UIApplicationSupportsIndirectInputEvents = YES;
				INFOPLIST_KEY_UILaunchStoryboardName = LaunchScreen;
				INFOPLIST_KEY_UISupportedInterfaceOrientations = UIInterfaceOrientationPortrait;
				INFOPLIST_KEY_UISupportedInterfaceOrientations_iPad = "UIInterfaceOrientationPortrait UIInterfaceOrientationPortraitUpsideDown UIInterfaceOrientationLandscapeLeft UIInterfaceOrientationLandscapeRight";
				INFOPLIST_KEY_UISupportedInterfaceOrientations_iPhone = "UIInterfaceOrientationPortrait UIInterfaceOrientationLandscapeLeft UIInterfaceOrientationLandscapeRight";
				IPHONEOS_DEPLOYMENT_TARGET = 13.0;
				LD_RUNPATH_SEARCH_PATHS = (
					"$(inherited)",
					"@executable_path/Frameworks",
				);
				MARKETING_VERSION = 1.0;
				PRODUCT_BUNDLE_IDENTIFIER = ver0nika.a.8BallDelegator;
				PRODUCT_NAME = "$(TARGET_NAME)";
				SWIFT_EMIT_LOC_STRINGS = YES;
				SWIFT_VERSION = 5.0;
				TARGETED_DEVICE_FAMILY = 1;
			};
			name = Debug;
		};
		94392F27271D749F0073F85D /* Release */ = {
			isa = XCBuildConfiguration;
			baseConfigurationReference = 1F91DDE90B1B7B036232B2E2 /* Pods-8BallDelegator.release.xcconfig */;
			buildSettings = {
				ASSETCATALOG_COMPILER_APPICON_NAME = AppIcon;
				ASSETCATALOG_COMPILER_GLOBAL_ACCENT_COLOR_NAME = AccentColor;
				CODE_SIGN_STYLE = Automatic;
				CURRENT_PROJECT_VERSION = 1;
				DEVELOPMENT_TEAM = T46S54Q32W;
				GENERATE_INFOPLIST_FILE = YES;
				INFOPLIST_FILE = "8BallDelegator/Supporting files/Info.plist";
				INFOPLIST_KEY_UIApplicationSupportsIndirectInputEvents = YES;
				INFOPLIST_KEY_UILaunchStoryboardName = LaunchScreen;
				INFOPLIST_KEY_UISupportedInterfaceOrientations = UIInterfaceOrientationPortrait;
				INFOPLIST_KEY_UISupportedInterfaceOrientations_iPad = "UIInterfaceOrientationPortrait UIInterfaceOrientationPortraitUpsideDown UIInterfaceOrientationLandscapeLeft UIInterfaceOrientationLandscapeRight";
				INFOPLIST_KEY_UISupportedInterfaceOrientations_iPhone = "UIInterfaceOrientationPortrait UIInterfaceOrientationLandscapeLeft UIInterfaceOrientationLandscapeRight";
				IPHONEOS_DEPLOYMENT_TARGET = 13.0;
				LD_RUNPATH_SEARCH_PATHS = (
					"$(inherited)",
					"@executable_path/Frameworks",
				);
				MARKETING_VERSION = 1.0;
				PRODUCT_BUNDLE_IDENTIFIER = ver0nika.a.8BallDelegator;
				PRODUCT_NAME = "$(TARGET_NAME)";
				SWIFT_EMIT_LOC_STRINGS = YES;
				SWIFT_VERSION = 5.0;
				TARGETED_DEVICE_FAMILY = 1;
			};
			name = Release;
		};
/* End XCBuildConfiguration section */

/* Begin XCConfigurationList section */
		94392F0C271D749C0073F85D /* Build configuration list for PBXProject "8BallDelegator" */ = {
			isa = XCConfigurationList;
			buildConfigurations = (
				94392F23271D749F0073F85D /* Debug */,
				94392F24271D749F0073F85D /* Release */,
			);
			defaultConfigurationIsVisible = 0;
			defaultConfigurationName = Release;
		};
		94392F25271D749F0073F85D /* Build configuration list for PBXNativeTarget "8BallDelegator" */ = {
			isa = XCConfigurationList;
			buildConfigurations = (
				94392F26271D749F0073F85D /* Debug */,
				94392F27271D749F0073F85D /* Release */,
			);
			defaultConfigurationIsVisible = 0;
			defaultConfigurationName = Release;
		};
/* End XCConfigurationList section */

/* Begin XCVersionGroup section */
		94F2D725273FD3C2002A5D9D /* Balls.xcdatamodeld */ = {
			isa = XCVersionGroup;
			children = (
				94F2D726273FD3C2002A5D9D /* Balls.xcdatamodel */,
			);
			currentVersion = 94F2D726273FD3C2002A5D9D /* Balls.xcdatamodel */;
			path = Balls.xcdatamodeld;
			sourceTree = "<group>";
			versionGroupType = wrapper.xcdatamodel;
		};
/* End XCVersionGroup section */
	};
	rootObject = 94392F09271D749B0073F85D /* Project object */;
}
