// !$*UTF8*$!
{
	archiveVersion = 1;
	classes = {
	};
	objectVersion = 55;
	objects = {

/* Begin PBXBuildFile section */
		94392F15271D749C0073F85D /* AppDelegate.swift in Sources */ = {isa = PBXBuildFile; fileRef = 94392F14271D749C0073F85D /* AppDelegate.swift */; };
		94392F17271D749C0073F85D /* SceneDelegate.swift in Sources */ = {isa = PBXBuildFile; fileRef = 94392F16271D749C0073F85D /* SceneDelegate.swift */; };
		94392F19271D749C0073F85D /* MainVC.swift in Sources */ = {isa = PBXBuildFile; fileRef = 94392F18271D749C0073F85D /* MainVC.swift */; };
		94392F1C271D749C0073F85D /* Main.storyboard in Resources */ = {isa = PBXBuildFile; fileRef = 94392F1A271D749C0073F85D /* Main.storyboard */; };
		94392F1E271D749F0073F85D /* Assets.xcassets in Resources */ = {isa = PBXBuildFile; fileRef = 94392F1D271D749F0073F85D /* Assets.xcassets */; };
		94392F21271D749F0073F85D /* LaunchScreen.storyboard in Resources */ = {isa = PBXBuildFile; fileRef = 94392F1F271D749F0073F85D /* LaunchScreen.storyboard */; };
		94392F2D271D79E30073F85D /* SettingsVC.swift in Sources */ = {isa = PBXBuildFile; fileRef = 94392F2C271D79E30073F85D /* SettingsVC.swift */; };
		94392F2F271D7A6A0073F85D /* Colors.xcassets in Resources */ = {isa = PBXBuildFile; fileRef = 94392F2E271D7A6A0073F85D /* Colors.xcassets */; };
		94392F34271D944B0073F85D /* CornerRadiusView.swift in Sources */ = {isa = PBXBuildFile; fileRef = 94392F33271D944B0073F85D /* CornerRadiusView.swift */; };
		94392F36271D9DF10073F85D /* CornerRadiusButton.swift in Sources */ = {isa = PBXBuildFile; fileRef = 94392F35271D9DF10073F85D /* CornerRadiusButton.swift */; };
		94392F38271DAC2B0073F85D /* NetworkService.swift in Sources */ = {isa = PBXBuildFile; fileRef = 94392F37271DAC2B0073F85D /* NetworkService.swift */; };
		A2520B2FB8387F46FE6B15DD /* libPods-8BallDelegator.a in Frameworks */ = {isa = PBXBuildFile; fileRef = A3A1FBB36FAF1D708CFBD9C3 /* libPods-8BallDelegator.a */; };
/* End PBXBuildFile section */

/* Begin PBXFileReference section */
		1F91DDE90B1B7B036232B2E2 /* Pods-8BallDelegator.release.xcconfig */ = {isa = PBXFileReference; includeInIndex = 1; lastKnownFileType = text.xcconfig; name = "Pods-8BallDelegator.release.xcconfig"; path = "Target Support Files/Pods-8BallDelegator/Pods-8BallDelegator.release.xcconfig"; sourceTree = "<group>"; };
		94392F11271D749C0073F85D /* 8BallDelegator.app */ = {isa = PBXFileReference; explicitFileType = wrapper.application; includeInIndex = 0; path = 8BallDelegator.app; sourceTree = BUILT_PRODUCTS_DIR; };
		94392F14271D749C0073F85D /* AppDelegate.swift */ = {isa = PBXFileReference; lastKnownFileType = sourcecode.swift; path = AppDelegate.swift; sourceTree = "<group>"; };
		94392F16271D749C0073F85D /* SceneDelegate.swift */ = {isa = PBXFileReference; lastKnownFileType = sourcecode.swift; path = SceneDelegate.swift; sourceTree = "<group>"; };
		94392F18271D749C0073F85D /* MainVC.swift */ = {isa = PBXFileReference; lastKnownFileType = sourcecode.swift; path = MainVC.swift; sourceTree = "<group>"; };
		94392F1B271D749C0073F85D /* Base */ = {isa = PBXFileReference; lastKnownFileType = file.storyboard; name = Base; path = Base.lproj/Main.storyboard; sourceTree = "<group>"; };
		94392F1D271D749F0073F85D /* Assets.xcassets */ = {isa = PBXFileReference; lastKnownFileType = folder.assetcatalog; path = Assets.xcassets; sourceTree = "<group>"; };
		94392F20271D749F0073F85D /* Base */ = {isa = PBXFileReference; lastKnownFileType = file.storyboard; name = Base; path = Base.lproj/LaunchScreen.storyboard; sourceTree = "<group>"; };
		94392F22271D749F0073F85D /* Info.plist */ = {isa = PBXFileReference; lastKnownFileType = text.plist.xml; path = Info.plist; sourceTree = "<group>"; };
		94392F2C271D79E30073F85D /* SettingsVC.swift */ = {isa = PBXFileReference; lastKnownFileType = sourcecode.swift; path = SettingsVC.swift; sourceTree = "<group>"; };
		94392F2E271D7A6A0073F85D /* Colors.xcassets */ = {isa = PBXFileReference; lastKnownFileType = folder.assetcatalog; path = Colors.xcassets; sourceTree = "<group>"; };
		94392F33271D944B0073F85D /* CornerRadiusView.swift */ = {isa = PBXFileReference; lastKnownFileType = sourcecode.swift; path = CornerRadiusView.swift; sourceTree = "<group>"; };
		94392F35271D9DF10073F85D /* CornerRadiusButton.swift */ = {isa = PBXFileReference; lastKnownFileType = sourcecode.swift; path = CornerRadiusButton.swift; sourceTree = "<group>"; };
		94392F37271DAC2B0073F85D /* NetworkService.swift */ = {isa = PBXFileReference; lastKnownFileType = sourcecode.swift; path = NetworkService.swift; sourceTree = "<group>"; };
		A3A1FBB36FAF1D708CFBD9C3 /* libPods-8BallDelegator.a */ = {isa = PBXFileReference; explicitFileType = archive.ar; includeInIndex = 0; path = "libPods-8BallDelegator.a"; sourceTree = BUILT_PRODUCTS_DIR; };
		AFE247CA75ADD631980406EC /* Pods-8BallDelegator.debug.xcconfig */ = {isa = PBXFileReference; includeInIndex = 1; lastKnownFileType = text.xcconfig; name = "Pods-8BallDelegator.debug.xcconfig"; path = "Target Support Files/Pods-8BallDelegator/Pods-8BallDelegator.debug.xcconfig"; sourceTree = "<group>"; };
/* End PBXFileReference section */

/* Begin PBXFrameworksBuildPhase section */
		94392F0E271D749C0073F85D /* Frameworks */ = {
			isa = PBXFrameworksBuildPhase;
			buildActionMask = 2147483647;
			files = (
				A2520B2FB8387F46FE6B15DD /* libPods-8BallDelegator.a in Frameworks */,
			);
			runOnlyForDeploymentPostprocessing = 0;
		};
/* End PBXFrameworksBuildPhase section */

/* Begin PBXGroup section */
		0F8283BB5D472ADB4C2E4072 /* Pods */ = {
			isa = PBXGroup;
			children = (
				AFE247CA75ADD631980406EC /* Pods-8BallDelegator.debug.xcconfig */,
				1F91DDE90B1B7B036232B2E2 /* Pods-8BallDelegator.release.xcconfig */,
			);
			path = Pods;
			sourceTree = "<group>";
		};
		8DFD8A6AEF0DFCEA89F16AC1 /* Frameworks */ = {
			isa = PBXGroup;
			children = (
				A3A1FBB36FAF1D708CFBD9C3 /* libPods-8BallDelegator.a */,
			);
			name = Frameworks;
			sourceTree = "<group>";
		};
		94392F08271D749B0073F85D = {
			isa = PBXGroup;
			children = (
				94392F13271D749C0073F85D /* 8BallDelegator */,
				94392F12271D749C0073F85D /* Products */,
				0F8283BB5D472ADB4C2E4072 /* Pods */,
				8DFD8A6AEF0DFCEA89F16AC1 /* Frameworks */,
			);
			sourceTree = "<group>";
		};
		94392F12271D749C0073F85D /* Products */ = {
			isa = PBXGroup;
			children = (
				94392F11271D749C0073F85D /* 8BallDelegator.app */,
			);
			name = Products;
			sourceTree = "<group>";
		};
		94392F13271D749C0073F85D /* 8BallDelegator */ = {
			isa = PBXGroup;
			children = (
				94392F2A271D787C0073F85D /* Services */,
				94392F28271D781A0073F85D /* Storyboards */,
				94392F29271D784B0073F85D /* ViewControllers */,
				94392F30271D922E0073F85D /* UI Components */,
				94392F2B271D78A50073F85D /* Supporting files */,
			);
			path = 8BallDelegator;
			sourceTree = "<group>";
		};
		94392F28271D781A0073F85D /* Storyboards */ = {
			isa = PBXGroup;
			children = (
				94392F1A271D749C0073F85D /* Main.storyboard */,
				94392F1F271D749F0073F85D /* LaunchScreen.storyboard */,
			);
			path = Storyboards;
			sourceTree = "<group>";
		};
		94392F29271D784B0073F85D /* ViewControllers */ = {
			isa = PBXGroup;
			children = (
				94392F18271D749C0073F85D /* MainVC.swift */,
				94392F2C271D79E30073F85D /* SettingsVC.swift */,
			);
			path = ViewControllers;
			sourceTree = "<group>";
		};
		94392F2A271D787C0073F85D /* Services */ = {
			isa = PBXGroup;
			children = (
				94392F37271DAC2B0073F85D /* NetworkService.swift */,
			);
			path = Services;
			sourceTree = "<group>";
		};
		94392F2B271D78A50073F85D /* Supporting files */ = {
			isa = PBXGroup;
			children = (
				94392F1D271D749F0073F85D /* Assets.xcassets */,
				94392F2E271D7A6A0073F85D /* Colors.xcassets */,
				94392F22271D749F0073F85D /* Info.plist */,
				94392F14271D749C0073F85D /* AppDelegate.swift */,
				94392F16271D749C0073F85D /* SceneDelegate.swift */,
			);
			path = "Supporting files";
			sourceTree = "<group>";
		};
		94392F30271D922E0073F85D /* UI Components */ = {
			isa = PBXGroup;
			children = (
				94392F33271D944B0073F85D /* CornerRadiusView.swift */,
				94392F35271D9DF10073F85D /* CornerRadiusButton.swift */,
			);
			path = "UI Components";
			sourceTree = "<group>";
		};
/* End PBXGroup section */

/* Begin PBXNativeTarget section */
		94392F10271D749C0073F85D /* 8BallDelegator */ = {
			isa = PBXNativeTarget;
			buildConfigurationList = 94392F25271D749F0073F85D /* Build configuration list for PBXNativeTarget "8BallDelegator" */;
			buildPhases = (
				94F2D6F0273D417B002A5D9D /* ShellScript */,
				D1E5DC5A80360C4672D156EB /* [CP] Check Pods Manifest.lock */,
				94392F0D271D749C0073F85D /* Sources */,
				94392F0E271D749C0073F85D /* Frameworks */,
				94392F0F271D749C0073F85D /* Resources */,
			);
			buildRules = (
			);
			dependencies = (
			);
			name = 8BallDelegator;
			productName = 8BallDelegator;
			productReference = 94392F11271D749C0073F85D /* 8BallDelegator.app */;
			productType = "com.apple.product-type.application";
		};
/* End PBXNativeTarget section */

/* Begin PBXProject section */
		94392F09271D749B0073F85D /* Project object */ = {
			isa = PBXProject;
			attributes = {
				BuildIndependentTargetsInParallel = 1;
				LastSwiftUpdateCheck = 1300;
				LastUpgradeCheck = 1300;
				TargetAttributes = {
					94392F10271D749C0073F85D = {
						CreatedOnToolsVersion = 13.0;
					};
				};
			};
			buildConfigurationList = 94392F0C271D749C0073F85D /* Build configuration list for PBXProject "8BallDelegator" */;
			compatibilityVersion = "Xcode 13.0";
			developmentRegion = en;
			hasScannedForEncodings = 0;
			knownRegions = (
				en,
				Base,
			);
			mainGroup = 94392F08271D749B0073F85D;
			productRefGroup = 94392F12271D749C0073F85D /* Products */;
			projectDirPath = "";
			projectRoot = "";
			targets = (
				94392F10271D749C0073F85D /* 8BallDelegator */,
			);
		};
/* End PBXProject section */

/* Begin PBXResourcesBuildPhase section */
		94392F0F271D749C0073F85D /* Resources */ = {
			isa = PBXResourcesBuildPhase;
			buildActionMask = 2147483647;
			files = (
				94392F21271D749F0073F85D /* LaunchScreen.storyboard in Resources */,
				94392F2F271D7A6A0073F85D /* Colors.xcassets in Resources */,
				94392F1E271D749F0073F85D /* Assets.xcassets in Resources */,
				94392F1C271D749C0073F85D /* Main.storyboard in Resources */,
			);
			runOnlyForDeploymentPostprocessing = 0;
		};
/* End PBXResourcesBuildPhase section */

/* Begin PBXShellScriptBuildPhase section */
		94F2D6F0273D417B002A5D9D /* ShellScript */ = {
			isa = PBXShellScriptBuildPhase;
			buildActionMask = 2147483647;
			files = (
			);
			inputFileListPaths = (
			);
			inputPaths = (
			);
			outputFileListPaths = (
			);
			outputPaths = (
			);
			runOnlyForDeploymentPostprocessing = 0;
			shellPath = /bin/sh;
			shellScript = "\"${PODS_ROOT}/SwiftLint/swiftlint\"\n";
		};
		D1E5DC5A80360C4672D156EB /* [CP] Check Pods Manifest.lock */ = {
			isa = PBXShellScriptBuildPhase;
			buildActionMask = 2147483647;
			files = (
			);
			inputFileListPaths = (
			);
			inputPaths = (
				"${PODS_PODFILE_DIR_PATH}/Podfile.lock",
				"${PODS_ROOT}/Manifest.lock",
			);
			name = "[CP] Check Pods Manifest.lock";
			outputFileListPaths = (
			);
			outputPaths = (
				"$(DERIVED_FILE_DIR)/Pods-8BallDelegator-checkManifestLockResult.txt",
			);
			runOnlyForDeploymentPostprocessing = 0;
			shellPath = /bin/sh;
			shellScript = "diff \"${PODS_PODFILE_DIR_PATH}/Podfile.lock\" \"${PODS_ROOT}/Manifest.lock\" > /dev/null\nif [ $? != 0 ] ; then\n    # print error to STDERR\n    echo \"error: The sandbox is not in sync with the Podfile.lock. Run 'pod install' or update your CocoaPods installation.\" >&2\n    exit 1\nfi\n# This output is used by Xcode 'outputs' to avoid re-running this script phase.\necho \"SUCCESS\" > \"${SCRIPT_OUTPUT_FILE_0}\"\n";
			showEnvVarsInLog = 0;
		};
/* End PBXShellScriptBuildPhase section */

/* Begin PBXSourcesBuildPhase section */
		94392F0D271D749C0073F85D /* Sources */ = {
			isa = PBXSourcesBuildPhase;
			buildActionMask = 2147483647;
			files = (
				94392F36271D9DF10073F85D /* CornerRadiusButton.swift in Sources */,
				94392F19271D749C0073F85D /* MainVC.swift in Sources */,
				94392F2D271D79E30073F85D /* SettingsVC.swift in Sources */,
				94392F15271D749C0073F85D /* AppDelegate.swift in Sources */,
				94392F17271D749C0073F85D /* SceneDelegate.swift in Sources */,
				94392F34271D944B0073F85D /* CornerRadiusView.swift in Sources */,
				94392F38271DAC2B0073F85D /* NetworkService.swift in Sources */,
			);
			runOnlyForDeploymentPostprocessing = 0;
		};
/* End PBXSourcesBuildPhase section */

/* Begin PBXVariantGroup section */
		94392F1A271D749C0073F85D /* Main.storyboard */ = {
			isa = PBXVariantGroup;
			children = (
				94392F1B271D749C0073F85D /* Base */,
			);
			name = Main.storyboard;
			sourceTree = "<group>";
		};
		94392F1F271D749F0073F85D /* LaunchScreen.storyboard */ = {
			isa = PBXVariantGroup;
			children = (
				94392F20271D749F0073F85D /* Base */,
			);
			name = LaunchScreen.storyboard;
			sourceTree = "<group>";
		};
/* End PBXVariantGroup section */

/* Begin XCBuildConfiguration section */
		94392F23271D749F0073F85D /* Debug */ = {
			isa = XCBuildConfiguration;
			buildSettings = {
				ALWAYS_SEARCH_USER_PATHS = NO;
				CLANG_ANALYZER_NONNULL = YES;
				CLANG_ANALYZER_NUMBER_OBJECT_CONVERSION = YES_AGGRESSIVE;
				CLANG_CXX_LANGUAGE_STANDARD = "gnu++17";
				CLANG_CXX_LIBRARY = "libc++";
				CLANG_ENABLE_MODULES = YES;
				CLANG_ENABLE_OBJC_ARC = YES;
				CLANG_ENABLE_OBJC_WEAK = YES;
				CLANG_WARN_BLOCK_CAPTURE_AUTORELEASING = YES;
				CLANG_WARN_BOOL_CONVERSION = YES;
				CLANG_WARN_COMMA = YES;
				CLANG_WARN_CONSTANT_CONVERSION = YES;
				CLANG_WARN_DEPRECATED_OBJC_IMPLEMENTATIONS = YES;
				CLANG_WARN_DIRECT_OBJC_ISA_USAGE = YES_ERROR;
				CLANG_WARN_DOCUMENTATION_COMMENTS = YES;
				CLANG_WARN_EMPTY_BODY = YES;
				CLANG_WARN_ENUM_CONVERSION = YES;
				CLANG_WARN_INFINITE_RECURSION = YES;
				CLANG_WARN_INT_CONVERSION = YES;
				CLANG_WARN_NON_LITERAL_NULL_CONVERSION = YES;
				CLANG_WARN_OBJC_IMPLICIT_RETAIN_SELF = YES;
				CLANG_WARN_OBJC_LITERAL_CONVERSION = YES;
				CLANG_WARN_OBJC_ROOT_CLASS = YES_ERROR;
				CLANG_WARN_QUOTED_INCLUDE_IN_FRAMEWORK_HEADER = YES;
				CLANG_WARN_RANGE_LOOP_ANALYSIS = YES;
				CLANG_WARN_STRICT_PROTOTYPES = YES;
				CLANG_WARN_SUSPICIOUS_MOVE = YES;
				CLANG_WARN_UNGUARDED_AVAILABILITY = YES_AGGRESSIVE;
				CLANG_WARN_UNREACHABLE_CODE = YES;
				CLANG_WARN__DUPLICATE_METHOD_MATCH = YES;
				COPY_PHASE_STRIP = NO;
				DEBUG_INFORMATION_FORMAT = dwarf;
				ENABLE_STRICT_OBJC_MSGSEND = YES;
				ENABLE_TESTABILITY = YES;
				GCC_C_LANGUAGE_STANDARD = gnu11;
				GCC_DYNAMIC_NO_PIC = NO;
				GCC_NO_COMMON_BLOCKS = YES;
				GCC_OPTIMIZATION_LEVEL = 0;
				GCC_PREPROCESSOR_DEFINITIONS = (
					"DEBUG=1",
					"$(inherited)",
				);
				GCC_WARN_64_TO_32_BIT_CONVERSION = YES;
				GCC_WARN_ABOUT_RETURN_TYPE = YES_ERROR;
				GCC_WARN_UNDECLARED_SELECTOR = YES;
				GCC_WARN_UNINITIALIZED_AUTOS = YES_AGGRESSIVE;
				GCC_WARN_UNUSED_FUNCTION = YES;
				GCC_WARN_UNUSED_VARIABLE = YES;
				IPHONEOS_DEPLOYMENT_TARGET = 13.0;
				MTL_ENABLE_DEBUG_INFO = INCLUDE_SOURCE;
				MTL_FAST_MATH = YES;
				ONLY_ACTIVE_ARCH = YES;
				SDKROOT = iphoneos;
				SWIFT_ACTIVE_COMPILATION_CONDITIONS = DEBUG;
				SWIFT_OPTIMIZATION_LEVEL = "-Onone";
			};
			name = Debug;
		};
		94392F24271D749F0073F85D /* Release */ = {
			isa = XCBuildConfiguration;
			buildSettings = {
				ALWAYS_SEARCH_USER_PATHS = NO;
				CLANG_ANALYZER_NONNULL = YES;
				CLANG_ANALYZER_NUMBER_OBJECT_CONVERSION = YES_AGGRESSIVE;
				CLANG_CXX_LANGUAGE_STANDARD = "gnu++17";
				CLANG_CXX_LIBRARY = "libc++";
				CLANG_ENABLE_MODULES = YES;
				CLANG_ENABLE_OBJC_ARC = YES;
				CLANG_ENABLE_OBJC_WEAK = YES;
				CLANG_WARN_BLOCK_CAPTURE_AUTORELEASING = YES;
				CLANG_WARN_BOOL_CONVERSION = YES;
				CLANG_WARN_COMMA = YES;
				CLANG_WARN_CONSTANT_CONVERSION = YES;
				CLANG_WARN_DEPRECATED_OBJC_IMPLEMENTATIONS = YES;
				CLANG_WARN_DIRECT_OBJC_ISA_USAGE = YES_ERROR;
				CLANG_WARN_DOCUMENTATION_COMMENTS = YES;
				CLANG_WARN_EMPTY_BODY = YES;
				CLANG_WARN_ENUM_CONVERSION = YES;
				CLANG_WARN_INFINITE_RECURSION = YES;
				CLANG_WARN_INT_CONVERSION = YES;
				CLANG_WARN_NON_LITERAL_NULL_CONVERSION = YES;
				CLANG_WARN_OBJC_IMPLICIT_RETAIN_SELF = YES;
				CLANG_WARN_OBJC_LITERAL_CONVERSION = YES;
				CLANG_WARN_OBJC_ROOT_CLASS = YES_ERROR;
				CLANG_WARN_QUOTED_INCLUDE_IN_FRAMEWORK_HEADER = YES;
				CLANG_WARN_RANGE_LOOP_ANALYSIS = YES;
				CLANG_WARN_STRICT_PROTOTYPES = YES;
				CLANG_WARN_SUSPICIOUS_MOVE = YES;
				CLANG_WARN_UNGUARDED_AVAILABILITY = YES_AGGRESSIVE;
				CLANG_WARN_UNREACHABLE_CODE = YES;
				CLANG_WARN__DUPLICATE_METHOD_MATCH = YES;
				COPY_PHASE_STRIP = NO;
				DEBUG_INFORMATION_FORMAT = "dwarf-with-dsym";
				ENABLE_NS_ASSERTIONS = NO;
				ENABLE_STRICT_OBJC_MSGSEND = YES;
				GCC_C_LANGUAGE_STANDARD = gnu11;
				GCC_NO_COMMON_BLOCKS = YES;
				GCC_WARN_64_TO_32_BIT_CONVERSION = YES;
				GCC_WARN_ABOUT_RETURN_TYPE = YES_ERROR;
				GCC_WARN_UNDECLARED_SELECTOR = YES;
				GCC_WARN_UNINITIALIZED_AUTOS = YES_AGGRESSIVE;
				GCC_WARN_UNUSED_FUNCTION = YES;
				GCC_WARN_UNUSED_VARIABLE = YES;
				IPHONEOS_DEPLOYMENT_TARGET = 13.0;
				MTL_ENABLE_DEBUG_INFO = NO;
				MTL_FAST_MATH = YES;
				SDKROOT = iphoneos;
				SWIFT_COMPILATION_MODE = wholemodule;
				SWIFT_OPTIMIZATION_LEVEL = "-O";
				VALIDATE_PRODUCT = YES;
			};
			name = Release;
		};
		94392F26271D749F0073F85D /* Debug */ = {
			isa = XCBuildConfiguration;
			baseConfigurationReference = AFE247CA75ADD631980406EC /* Pods-8BallDelegator.debug.xcconfig */;
			buildSettings = {
				ASSETCATALOG_COMPILER_APPICON_NAME = AppIcon;
				ASSETCATALOG_COMPILER_GLOBAL_ACCENT_COLOR_NAME = AccentColor;
				CODE_SIGN_STYLE = Automatic;
				CURRENT_PROJECT_VERSION = 1;
				DEVELOPMENT_TEAM = T46S54Q32W;
				GENERATE_INFOPLIST_FILE = YES;
				INFOPLIST_FILE = "8BallDelegator/Supporting files/Info.plist";
				INFOPLIST_KEY_UIApplicationSupportsIndirectInputEvents = YES;
				INFOPLIST_KEY_UILaunchStoryboardName = LaunchScreen;
				INFOPLIST_KEY_UIMainStoryboardFile = Main;
				INFOPLIST_KEY_UISupportedInterfaceOrientations = UIInterfaceOrientationPortrait;
				INFOPLIST_KEY_UISupportedInterfaceOrientations_iPad = "UIInterfaceOrientationPortrait UIInterfaceOrientationPortraitUpsideDown UIInterfaceOrientationLandscapeLeft UIInterfaceOrientationLandscapeRight";
				INFOPLIST_KEY_UISupportedInterfaceOrientations_iPhone = "UIInterfaceOrientationPortrait UIInterfaceOrientationLandscapeLeft UIInterfaceOrientationLandscapeRight";
				LD_RUNPATH_SEARCH_PATHS = (
					"$(inherited)",
					"@executable_path/Frameworks",
				);
				MARKETING_VERSION = 1.0;
				PRODUCT_BUNDLE_IDENTIFIER = "ver0nika.a.-BallDelegator";
				PRODUCT_NAME = "$(TARGET_NAME)";
				SWIFT_EMIT_LOC_STRINGS = YES;
				SWIFT_VERSION = 5.0;
				TARGETED_DEVICE_FAMILY = 1;
			};
			name = Debug;
		};
		94392F27271D749F0073F85D /* Release */ = {
			isa = XCBuildConfiguration;
			baseConfigurationReference = 1F91DDE90B1B7B036232B2E2 /* Pods-8BallDelegator.release.xcconfig */;
			buildSettings = {
				ASSETCATALOG_COMPILER_APPICON_NAME = AppIcon;
				ASSETCATALOG_COMPILER_GLOBAL_ACCENT_COLOR_NAME = AccentColor;
				CODE_SIGN_STYLE = Automatic;
				CURRENT_PROJECT_VERSION = 1;
				DEVELOPMENT_TEAM = T46S54Q32W;
				GENERATE_INFOPLIST_FILE = YES;
				INFOPLIST_FILE = "8BallDelegator/Supporting files/Info.plist";
				INFOPLIST_KEY_UIApplicationSupportsIndirectInputEvents = YES;
				INFOPLIST_KEY_UILaunchStoryboardName = LaunchScreen;
				INFOPLIST_KEY_UIMainStoryboardFile = Main;
				INFOPLIST_KEY_UISupportedInterfaceOrientations = UIInterfaceOrientationPortrait;
				INFOPLIST_KEY_UISupportedInterfaceOrientations_iPad = "UIInterfaceOrientationPortrait UIInterfaceOrientationPortraitUpsideDown UIInterfaceOrientationLandscapeLeft UIInterfaceOrientationLandscapeRight";
				INFOPLIST_KEY_UISupportedInterfaceOrientations_iPhone = "UIInterfaceOrientationPortrait UIInterfaceOrientationLandscapeLeft UIInterfaceOrientationLandscapeRight";
				LD_RUNPATH_SEARCH_PATHS = (
					"$(inherited)",
					"@executable_path/Frameworks",
				);
				MARKETING_VERSION = 1.0;
				PRODUCT_BUNDLE_IDENTIFIER = "ver0nika.a.-BallDelegator";
				PRODUCT_NAME = "$(TARGET_NAME)";
				SWIFT_EMIT_LOC_STRINGS = YES;
				SWIFT_VERSION = 5.0;
				TARGETED_DEVICE_FAMILY = 1;
			};
			name = Release;
		};
/* End XCBuildConfiguration section */

/* Begin XCConfigurationList section */
		94392F0C271D749C0073F85D /* Build configuration list for PBXProject "8BallDelegator" */ = {
			isa = XCConfigurationList;
			buildConfigurations = (
				94392F23271D749F0073F85D /* Debug */,
				94392F24271D749F0073F85D /* Release */,
			);
			defaultConfigurationIsVisible = 0;
			defaultConfigurationName = Release;
		};
		94392F25271D749F0073F85D /* Build configuration list for PBXNativeTarget "8BallDelegator" */ = {
			isa = XCConfigurationList;
			buildConfigurations = (
				94392F26271D749F0073F85D /* Debug */,
				94392F27271D749F0073F85D /* Release */,
			);
			defaultConfigurationIsVisible = 0;
			defaultConfigurationName = Release;
		};
/* End XCConfigurationList section */
	};
	rootObject = 94392F09271D749B0073F85D /* Project object */;
}
